{
  "name": "example2",
  "version": "1.0.0",
  "lockfileVersion": 1,
  "requires": true,
  "dependencies": {
    "@followwinter/leact": {
      "version": "1.0.4",
      "resolved": "https://registry.npmjs.org/@followwinter/leact/-/leact-1.0.4.tgz",
      "integrity": "sha512-HKWTFsLKdVmWVhrDL9JRQ2aFzfRZx5wbsKZj+IycwZMLcOsINX1GA5dLI+211uKuDKmiIcXz2xdpzbQraAomLw=="
    },
    "@followwinter/leact-ledux": {
      "version": "1.0.4",
      "resolved": "https://registry.npmjs.org/@followwinter/leact-ledux/-/leact-ledux-1.0.4.tgz",
      "integrity": "sha512-KestXUv0js9jQ1s/86AK9Gp+IK+Bz8uAwCdVNpjGx6NZkcR7bskZgzij7ZdQF/hZleYxgOJhYCw7KOYTbpxB3w==",
      "requires": {
        "@followwinter/leact": "^1.0.3",
        "@followwinter/ledux": "^1.0.6"
      }
    },
    "@followwinter/ledux": {
      "version": "1.0.6",
      "resolved": "https://registry.npmjs.org/@followwinter/ledux/-/ledux-1.0.6.tgz",
      "integrity": "sha512-em3EbDU9hz2dQ72WXQhPoP/RkDNWIw6j1LwjreE3uWGwWxXwU6OwU0XwtAPNHynKTuJHKzr4ul6sTCxDjhXLHQ=="
    }
  }
}
