{
  "name": "example",
  "version": "1.0.0",
  "lockfileVersion": 1,
  "requires": true,
  "dependencies": {
    "@followwinter/leact": {
      "version": "1.0.3",
      "resolved": "https://registry.npmjs.org/@followwinter/leact/-/leact-1.0.3.tgz",
      "integrity": "sha512-1aFvUD5GrEpG2dMS3CmoZQkHt0wvbIBWIyoeXDTIlYoF5X7BsT13tJxh+HdzW0UcfmizZKoiSq8AdpGqykDe0w=="
    }
  }
}
