{
  "name": "test",
  "version": "1.0.0",
  "lockfileVersion": 1,
  "requires": true,
  "dependencies": {
    "@followwinter/leact": {
      "version": "1.0.7",
      "resolved": "https://registry.npmjs.org/@followwinter/leact/-/leact-1.0.7.tgz",
      "integrity": "sha512-YFdqRWSY7aCuUwxqMVOiev6dqPB+SiG2RokbNiqXw3w73Qbs0p2WCQZWtpEPMSKYhTsRlfanAe0ObY3VEGtxRg=="
    }
  }
}
